{
  "name": "ng-kit",
  "version": "0.1.6",
  "lockfileVersion": 1,
  "requires": true,
  "dependencies": {
    "css-element-queries": {
      "version": "1.2.1",
      "resolved": "https://registry.npmjs.org/css-element-queries/-/css-element-queries-1.2.1.tgz",
      "integrity": "sha512-hiI1tSzf+U/gE13qhfwnCvN90Ay0THnE+mT3pjN/c/mvFmEUHZVNrvMJrrkw2ppOzkl69FdgH2ZGZENYQUaN2A=="
    }
  }
}